// !$*UTF8*$!
{
	archiveVersion = 1;
	classes = {
	};
	objectVersion = 56;
	objects = {

/* Begin PBXBuildFile section */
		0D9022022BF7A7670047D3DC /* PokedexTaskApp.swift in Sources */ = {isa = PBXBuildFile; fileRef = 0D9022012BF7A7670047D3DC /* PokedexTaskApp.swift */; };
		0D9022042BF7A7670047D3DC /* ContentView.swift in Sources */ = {isa = PBXBuildFile; fileRef = 0D9022032BF7A7670047D3DC /* ContentView.swift */; };
		0D9022062BF7A7680047D3DC /* Assets.xcassets in Resources */ = {isa = PBXBuildFile; fileRef = 0D9022052BF7A7680047D3DC /* Assets.xcassets */; };
		0D9022092BF7A7680047D3DC /* Preview Assets.xcassets in Resources */ = {isa = PBXBuildFile; fileRef = 0D9022082BF7A7680047D3DC /* Preview Assets.xcassets */; };
		0D9022102BF7A84D0047D3DC /* NetworkManager.swift in Sources */ = {isa = PBXBuildFile; fileRef = 0D90220F2BF7A84D0047D3DC /* NetworkManager.swift */; };
		AD81FFAA08C6D93CF6B0B397 /* Pods_PokedexTask.framework in Frameworks */ = {isa = PBXBuildFile; fileRef = 852E43EAFF09367594A06635 /* Pods_PokedexTask.framework */; };
/* End PBXBuildFile section */

/* Begin PBXFileReference section */
		0BE1316DEB3251F7F386897C /* Pods-PokedexTask.debug.xcconfig */ = {isa = PBXFileReference; includeInIndex = 1; lastKnownFileType = text.xcconfig; name = "Pods-PokedexTask.debug.xcconfig"; path = "Target Support Files/Pods-PokedexTask/Pods-PokedexTask.debug.xcconfig"; sourceTree = "<group>"; };
		0D9021FE2BF7A7670047D3DC /* PokedexTask.app */ = {isa = PBXFileReference; explicitFileType = wrapper.application; includeInIndex = 0; path = PokedexTask.app; sourceTree = BUILT_PRODUCTS_DIR; };
		0D9022012BF7A7670047D3DC /* PokedexTaskApp.swift */ = {isa = PBXFileReference; lastKnownFileType = sourcecode.swift; path = PokedexTaskApp.swift; sourceTree = "<group>"; };
		0D9022032BF7A7670047D3DC /* ContentView.swift */ = {isa = PBXFileReference; lastKnownFileType = sourcecode.swift; path = ContentView.swift; sourceTree = "<group>"; };
		0D9022052BF7A7680047D3DC /* Assets.xcassets */ = {isa = PBXFileReference; lastKnownFileType = folder.assetcatalog; path = Assets.xcassets; sourceTree = "<group>"; };
		0D9022082BF7A7680047D3DC /* Preview Assets.xcassets */ = {isa = PBXFileReference; lastKnownFileType = folder.assetcatalog; path = "Preview Assets.xcassets"; sourceTree = "<group>"; };
		0D90220F2BF7A84D0047D3DC /* NetworkManager.swift */ = {isa = PBXFileReference; lastKnownFileType = sourcecode.swift; path = NetworkManager.swift; sourceTree = "<group>"; };
		852E43EAFF09367594A06635 /* Pods_PokedexTask.framework */ = {isa = PBXFileReference; explicitFileType = wrapper.framework; includeInIndex = 0; path = Pods_PokedexTask.framework; sourceTree = BUILT_PRODUCTS_DIR; };
		E761E4B4A940CD350A9D3F9E /* Pods-PokedexTask.release.xcconfig */ = {isa = PBXFileReference; includeInIndex = 1; lastKnownFileType = text.xcconfig; name = "Pods-PokedexTask.release.xcconfig"; path = "Target Support Files/Pods-PokedexTask/Pods-PokedexTask.release.xcconfig"; sourceTree = "<group>"; };
/* End PBXFileReference section */

/* Begin PBXFrameworksBuildPhase section */
		0D9021FB2BF7A7670047D3DC /* Frameworks */ = {
			isa = PBXFrameworksBuildPhase;
			buildActionMask = 2147483647;
			files = (
				AD81FFAA08C6D93CF6B0B397 /* Pods_PokedexTask.framework in Frameworks */,
			);
			runOnlyForDeploymentPostprocessing = 0;
		};
/* End PBXFrameworksBuildPhase section */

/* Begin PBXGroup section */
		0D9021F52BF7A7670047D3DC = {
			isa = PBXGroup;
			children = (
				0D9022002BF7A7670047D3DC /* PokedexTask */,
				0D9021FF2BF7A7670047D3DC /* Products */,
				883DC870728376D7A49B7E71 /* Pods */,
				7F218D1410E789736C8604DB /* Frameworks */,
			);
			sourceTree = "<group>";
		};
		0D9021FF2BF7A7670047D3DC /* Products */ = {
			isa = PBXGroup;
			children = (
				0D9021FE2BF7A7670047D3DC /* PokedexTask.app */,
			);
			name = Products;
			sourceTree = "<group>";
		};
		0D9022002BF7A7670047D3DC /* PokedexTask */ = {
			isa = PBXGroup;
			children = (
				0DADFD9F2BF7AFB200EFDD7F /* Model */,
				0DADFD9E2BF7AFAA00EFDD7F /* View */,
				0DADFD9D2BF7AF9E00EFDD7F /* Controller */,
				0D9022012BF7A7670047D3DC /* PokedexTaskApp.swift */,
				0D9022052BF7A7680047D3DC /* Assets.xcassets */,
				0D9022072BF7A7680047D3DC /* Preview Content */,
			);
			path = PokedexTask;
			sourceTree = "<group>";
		};
		0D9022072BF7A7680047D3DC /* Preview Content */ = {
			isa = PBXGroup;
			children = (
				0D9022082BF7A7680047D3DC /* Preview Assets.xcassets */,
			);
			path = "Preview Content";
			sourceTree = "<group>";
		};
		0DADFD9D2BF7AF9E00EFDD7F /* Controller */ = {
			isa = PBXGroup;
			children = (
				0D90220F2BF7A84D0047D3DC /* NetworkManager.swift */,
			);
			path = Controller;
			sourceTree = "<group>";
		};
		0DADFD9E2BF7AFAA00EFDD7F /* View */ = {
			isa = PBXGroup;
			children = (
				0D9022032BF7A7670047D3DC /* ContentView.swift */,
			);
			path = View;
			sourceTree = "<group>";
		};
		0DADFD9F2BF7AFB200EFDD7F /* Model */ = {
			isa = PBXGroup;
			children = (
			);
			path = Model;
			sourceTree = "<group>";
		};
		7F218D1410E789736C8604DB /* Frameworks */ = {
			isa = PBXGroup;
			children = (
				852E43EAFF09367594A06635 /* Pods_PokedexTask.framework */,
			);
			name = Frameworks;
			sourceTree = "<group>";
		};
		883DC870728376D7A49B7E71 /* Pods */ = {
			isa = PBXGroup;
			children = (
				0BE1316DEB3251F7F386897C /* Pods-PokedexTask.debug.xcconfig */,
				E761E4B4A940CD350A9D3F9E /* Pods-PokedexTask.release.xcconfig */,
			);
			path = Pods;
			sourceTree = "<group>";
		};
/* End PBXGroup section */

/* Begin PBXNativeTarget section */
		0D9021FD2BF7A7670047D3DC /* PokedexTask */ = {
			isa = PBXNativeTarget;
			buildConfigurationList = 0D90220C2BF7A7680047D3DC /* Build configuration list for PBXNativeTarget "PokedexTask" */;
			buildPhases = (
				A7F628810E11E6CD7487DB35 /* [CP] Check Pods Manifest.lock */,
				0D9021FA2BF7A7670047D3DC /* Sources */,
				0D9021FB2BF7A7670047D3DC /* Frameworks */,
				0D9021FC2BF7A7670047D3DC /* Resources */,
				695B7ACB3BE544407999B477 /* [CP] Embed Pods Frameworks */,
			);
			buildRules = (
			);
			dependencies = (
			);
			name = PokedexTask;
			productName = PokedexTask;
			productReference = 0D9021FE2BF7A7670047D3DC /* PokedexTask.app */;
			productType = "com.apple.product-type.application";
		};
/* End PBXNativeTarget section */

/* Begin PBXProject section */
		0D9021F62BF7A7670047D3DC /* Project object */ = {
			isa = PBXProject;
			attributes = {
				BuildIndependentTargetsInParallel = 1;
				LastSwiftUpdateCheck = 1530;
				LastUpgradeCheck = 1530;
				TargetAttributes = {
					0D9021FD2BF7A7670047D3DC = {
						CreatedOnToolsVersion = 15.3;
					};
				};
			};
			buildConfigurationList = 0D9021F92BF7A7670047D3DC /* Build configuration list for PBXProject "PokedexTask" */;
			compatibilityVersion = "Xcode 14.0";
			developmentRegion = en;
			hasScannedForEncodings = 0;
			knownRegions = (
				en,
				Base,
			);
			mainGroup = 0D9021F52BF7A7670047D3DC;
			productRefGroup = 0D9021FF2BF7A7670047D3DC /* Products */;
			projectDirPath = "";
			projectRoot = "";
			targets = (
				0D9021FD2BF7A7670047D3DC /* PokedexTask */,
			);
		};
/* End PBXProject section */

/* Begin PBXResourcesBuildPhase section */
		0D9021FC2BF7A7670047D3DC /* Resources */ = {
			isa = PBXResourcesBuildPhase;
			buildActionMask = 2147483647;
			files = (
				0D9022092BF7A7680047D3DC /* Preview Assets.xcassets in Resources */,
				0D9022062BF7A7680047D3DC /* Assets.xcassets in Resources */,
			);
			runOnlyForDeploymentPostprocessing = 0;
		};
/* End PBXResourcesBuildPhase section */

/* Begin PBXShellScriptBuildPhase section */
		695B7ACB3BE544407999B477 /* [CP] Embed Pods Frameworks */ = {
			isa = PBXShellScriptBuildPhase;
			buildActionMask = 2147483647;
			files = (
			);
			inputFileListPaths = (
				"${PODS_ROOT}/Target Support Files/Pods-PokedexTask/Pods-PokedexTask-frameworks-${CONFIGURATION}-input-files.xcfilelist",
			);
			name = "[CP] Embed Pods Frameworks";
			outputFileListPaths = (
				"${PODS_ROOT}/Target Support Files/Pods-PokedexTask/Pods-PokedexTask-frameworks-${CONFIGURATION}-output-files.xcfilelist",
			);
			runOnlyForDeploymentPostprocessing = 0;
			shellPath = /bin/sh;
			shellScript = "\"${PODS_ROOT}/Target Support Files/Pods-PokedexTask/Pods-PokedexTask-frameworks.sh\"\n";
			showEnvVarsInLog = 0;
		};
		A7F628810E11E6CD7487DB35 /* [CP] Check Pods Manifest.lock */ = {
			isa = PBXShellScriptBuildPhase;
			buildActionMask = 2147483647;
			files = (
			);
			inputFileListPaths = (
			);
			inputPaths = (
				"${PODS_PODFILE_DIR_PATH}/Podfile.lock",
				"${PODS_ROOT}/Manifest.lock",
			);
			name = "[CP] Check Pods Manifest.lock";
			outputFileListPaths = (
			);
			outputPaths = (
				"$(DERIVED_FILE_DIR)/Pods-PokedexTask-checkManifestLockResult.txt",
			);
			runOnlyForDeploymentPostprocessing = 0;
			shellPath = /bin/sh;
			shellScript = "diff \"${PODS_PODFILE_DIR_PATH}/Podfile.lock\" \"${PODS_ROOT}/Manifest.lock\" > /dev/null\nif [ $? != 0 ] ; then\n    # print error to STDERR\n    echo \"error: The sandbox is not in sync with the Podfile.lock. Run 'pod install' or update your CocoaPods installation.\" >&2\n    exit 1\nfi\n# This output is used by Xcode 'outputs' to avoid re-running this script phase.\necho \"SUCCESS\" > \"${SCRIPT_OUTPUT_FILE_0}\"\n";
			showEnvVarsInLog = 0;
		};
/* End PBXShellScriptBuildPhase section */

/* Begin PBXSourcesBuildPhase section */
		0D9021FA2BF7A7670047D3DC /* Sources */ = {
			isa = PBXSourcesBuildPhase;
			buildActionMask = 2147483647;
			files = (
				0D9022102BF7A84D0047D3DC /* NetworkManager.swift in Sources */,
				0D9022042BF7A7670047D3DC /* ContentView.swift in Sources */,
				0D9022022BF7A7670047D3DC /* PokedexTaskApp.swift in Sources */,
			);
			runOnlyForDeploymentPostprocessing = 0;
		};
/* End PBXSourcesBuildPhase section */

/* Begin XCBuildConfiguration section */
		0D90220A2BF7A7680047D3DC /* Debug */ = {
			isa = XCBuildConfiguration;
			buildSettings = {
				ALWAYS_SEARCH_USER_PATHS = NO;
				ASSETCATALOG_COMPILER_GENERATE_SWIFT_ASSET_SYMBOL_EXTENSIONS = YES;
				CLANG_ANALYZER_NONNULL = YES;
				CLANG_ANALYZER_NUMBER_OBJECT_CONVERSION = YES_AGGRESSIVE;
				CLANG_CXX_LANGUAGE_STANDARD = "gnu++20";
				CLANG_ENABLE_MODULES = YES;
				CLANG_ENABLE_OBJC_ARC = YES;
				CLANG_ENABLE_OBJC_WEAK = YES;
				CLANG_WARN_BLOCK_CAPTURE_AUTORELEASING = YES;
				CLANG_WARN_BOOL_CONVERSION = YES;
				CLANG_WARN_COMMA = YES;
				CLANG_WARN_CONSTANT_CONVERSION = YES;
				CLANG_WARN_DEPRECATED_OBJC_IMPLEMENTATIONS = YES;
				CLANG_WARN_DIRECT_OBJC_ISA_USAGE = YES_ERROR;
				CLANG_WARN_DOCUMENTATION_COMMENTS = YES;
				CLANG_WARN_EMPTY_BODY = YES;
				CLANG_WARN_ENUM_CONVERSION = YES;
				CLANG_WARN_INFINITE_RECURSION = YES;
				CLANG_WARN_INT_CONVERSION = YES;
				CLANG_WARN_NON_LITERAL_NULL_CONVERSION = YES;
				CLANG_WARN_OBJC_IMPLICIT_RETAIN_SELF = YES;
				CLANG_WARN_OBJC_LITERAL_CONVERSION = YES;
				CLANG_WARN_OBJC_ROOT_CLASS = YES_ERROR;
				CLANG_WARN_QUOTED_INCLUDE_IN_FRAMEWORK_HEADER = YES;
				CLANG_WARN_RANGE_LOOP_ANALYSIS = YES;
				CLANG_WARN_STRICT_PROTOTYPES = YES;
				CLANG_WARN_SUSPICIOUS_MOVE = YES;
				CLANG_WARN_UNGUARDED_AVAILABILITY = YES_AGGRESSIVE;
				CLANG_WARN_UNREACHABLE_CODE = YES;
				CLANG_WARN__DUPLICATE_METHOD_MATCH = YES;
				COPY_PHASE_STRIP = NO;
				DEBUG_INFORMATION_FORMAT = dwarf;
				ENABLE_STRICT_OBJC_MSGSEND = YES;
				ENABLE_TESTABILITY = YES;
				ENABLE_USER_SCRIPT_SANDBOXING = YES;
				GCC_C_LANGUAGE_STANDARD = gnu17;
				GCC_DYNAMIC_NO_PIC = NO;
				GCC_NO_COMMON_BLOCKS = YES;
				GCC_OPTIMIZATION_LEVEL = 0;
				GCC_PREPROCESSOR_DEFINITIONS = (
					"DEBUG=1",
					"$(inherited)",
				);
				GCC_WARN_64_TO_32_BIT_CONVERSION = YES;
				GCC_WARN_ABOUT_RETURN_TYPE = YES_ERROR;
				GCC_WARN_UNDECLARED_SELECTOR = YES;
				GCC_WARN_UNINITIALIZED_AUTOS = YES_AGGRESSIVE;
				GCC_WARN_UNUSED_FUNCTION = YES;
				GCC_WARN_UNUSED_VARIABLE = YES;
				IPHONEOS_DEPLOYMENT_TARGET = 17.4;
				LOCALIZATION_PREFERS_STRING_CATALOGS = YES;
				MTL_ENABLE_DEBUG_INFO = INCLUDE_SOURCE;
				MTL_FAST_MATH = YES;
				ONLY_ACTIVE_ARCH = YES;
				SDKROOT = iphoneos;
				SWIFT_ACTIVE_COMPILATION_CONDITIONS = "DEBUG $(inherited)";
				SWIFT_OPTIMIZATION_LEVEL = "-Onone";
			};
			name = Debug;
		};
		0D90220B2BF7A7680047D3DC /* Release */ = {
			isa = XCBuildConfiguration;
			buildSettings = {
				ALWAYS_SEARCH_USER_PATHS = NO;
				ASSETCATALOG_COMPILER_GENERATE_SWIFT_ASSET_SYMBOL_EXTENSIONS = YES;
				CLANG_ANALYZER_NONNULL = YES;
				CLANG_ANALYZER_NUMBER_OBJECT_CONVERSION = YES_AGGRESSIVE;
				CLANG_CXX_LANGUAGE_STANDARD = "gnu++20";
				CLANG_ENABLE_MODULES = YES;
				CLANG_ENABLE_OBJC_ARC = YES;
				CLANG_ENABLE_OBJC_WEAK = YES;
				CLANG_WARN_BLOCK_CAPTURE_AUTORELEASING = YES;
				CLANG_WARN_BOOL_CONVERSION = YES;
				CLANG_WARN_COMMA = YES;
				CLANG_WARN_CONSTANT_CONVERSION = YES;
				CLANG_WARN_DEPRECATED_OBJC_IMPLEMENTATIONS = YES;
				CLANG_WARN_DIRECT_OBJC_ISA_USAGE = YES_ERROR;
				CLANG_WARN_DOCUMENTATION_COMMENTS = YES;
				CLANG_WARN_EMPTY_BODY = YES;
				CLANG_WARN_ENUM_CONVERSION = YES;
				CLANG_WARN_INFINITE_RECURSION = YES;
				CLANG_WARN_INT_CONVERSION = YES;
				CLANG_WARN_NON_LITERAL_NULL_CONVERSION = YES;
				CLANG_WARN_OBJC_IMPLICIT_RETAIN_SELF = YES;
				CLANG_WARN_OBJC_LITERAL_CONVERSION = YES;
				CLANG_WARN_OBJC_ROOT_CLASS = YES_ERROR;
				CLANG_WARN_QUOTED_INCLUDE_IN_FRAMEWORK_HEADER = YES;
				CLANG_WARN_RANGE_LOOP_ANALYSIS = YES;
				CLANG_WARN_STRICT_PROTOTYPES = YES;
				CLANG_WARN_SUSPICIOUS_MOVE = YES;
				CLANG_WARN_UNGUARDED_AVAILABILITY = YES_AGGRESSIVE;
				CLANG_WARN_UNREACHABLE_CODE = YES;
				CLANG_WARN__DUPLICATE_METHOD_MATCH = YES;
				COPY_PHASE_STRIP = NO;
				DEBUG_INFORMATION_FORMAT = "dwarf-with-dsym";
				ENABLE_NS_ASSERTIONS = NO;
				ENABLE_STRICT_OBJC_MSGSEND = YES;
				ENABLE_USER_SCRIPT_SANDBOXING = YES;
				GCC_C_LANGUAGE_STANDARD = gnu17;
				GCC_NO_COMMON_BLOCKS = YES;
				GCC_WARN_64_TO_32_BIT_CONVERSION = YES;
				GCC_WARN_ABOUT_RETURN_TYPE = YES_ERROR;
				GCC_WARN_UNDECLARED_SELECTOR = YES;
				GCC_WARN_UNINITIALIZED_AUTOS = YES_AGGRESSIVE;
				GCC_WARN_UNUSED_FUNCTION = YES;
				GCC_WARN_UNUSED_VARIABLE = YES;
				IPHONEOS_DEPLOYMENT_TARGET = 17.4;
				LOCALIZATION_PREFERS_STRING_CATALOGS = YES;
				MTL_ENABLE_DEBUG_INFO = NO;
				MTL_FAST_MATH = YES;
				SDKROOT = iphoneos;
				SWIFT_COMPILATION_MODE = wholemodule;
				VALIDATE_PRODUCT = YES;
			};
			name = Release;
		};
		0D90220D2BF7A7680047D3DC /* Debug */ = {
			isa = XCBuildConfiguration;
			baseConfigurationReference = 0BE1316DEB3251F7F386897C /* Pods-PokedexTask.debug.xcconfig */;
			buildSettings = {
				ASSETCATALOG_COMPILER_APPICON_NAME = AppIcon;
				ASSETCATALOG_COMPILER_GLOBAL_ACCENT_COLOR_NAME = AccentColor;
				CODE_SIGN_IDENTITY = "Apple Development";
				CODE_SIGN_STYLE = Automatic;
				CURRENT_PROJECT_VERSION = 1;
				DEVELOPMENT_ASSET_PATHS = "\"PokedexTask/Preview Content\"";
				DEVELOPMENT_TEAM = YDX5L6PRRL;
				ENABLE_PREVIEWS = YES;
				ENABLE_USER_SCRIPT_SANDBOXING = NO;
				GENERATE_INFOPLIST_FILE = YES;
				INFOPLIST_KEY_UIApplicationSceneManifest_Generation = YES;
				INFOPLIST_KEY_UIApplicationSupportsIndirectInputEvents = YES;
				INFOPLIST_KEY_UILaunchScreen_Generation = YES;
				INFOPLIST_KEY_UISupportedInterfaceOrientations = UIInterfaceOrientationPortrait;
				IPHONEOS_DEPLOYMENT_TARGET = 15.0;
				LD_RUNPATH_SEARCH_PATHS = (
					"$(inherited)",
					"@executable_path/Frameworks",
				);
				MARKETING_VERSION = 1.0;
				PRODUCT_BUNDLE_IDENTIFIER = com.damlaeker.PokedexTask;
				PRODUCT_NAME = "$(TARGET_NAME)";
				PROVISIONING_PROFILE_SPECIFIER = "";
				SUPPORTED_PLATFORMS = "iphoneos iphonesimulator";
				SUPPORTS_MACCATALYST = NO;
				SUPPORTS_MAC_DESIGNED_FOR_IPHONE_IPAD = NO;
				SUPPORTS_XR_DESIGNED_FOR_IPHONE_IPAD = NO;
				SWIFT_EMIT_LOC_STRINGS = YES;
				SWIFT_VERSION = 5.0;
				TARGETED_DEVICE_FAMILY = "1,2";
			};
			name = Debug;
		};
		0D90220E2BF7A7680047D3DC /* Release */ = {
			isa = XCBuildConfiguration;
			baseConfigurationReference = E761E4B4A940CD350A9D3F9E /* Pods-PokedexTask.release.xcconfig */;
			buildSettings = {
				ASSETCATALOG_COMPILER_APPICON_NAME = AppIcon;
				ASSETCATALOG_COMPILER_GLOBAL_ACCENT_COLOR_NAME = AccentColor;
				CODE_SIGN_IDENTITY = "Apple Development";
				CODE_SIGN_STYLE = Automatic;
				CURRENT_PROJECT_VERSION = 1;
				DEVELOPMENT_ASSET_PATHS = "\"PokedexTask/Preview Content\"";
				DEVELOPMENT_TEAM = YDX5L6PRRL;
				ENABLE_PREVIEWS = YES;
				ENABLE_USER_SCRIPT_SANDBOXING = NO;
				GENERATE_INFOPLIST_FILE = YES;
				INFOPLIST_KEY_UIApplicationSceneManifest_Generation = YES;
				INFOPLIST_KEY_UIApplicationSupportsIndirectInputEvents = YES;
				INFOPLIST_KEY_UILaunchScreen_Generation = YES;
				INFOPLIST_KEY_UISupportedInterfaceOrientations = UIInterfaceOrientationPortrait;
				IPHONEOS_DEPLOYMENT_TARGET = 15.0;
				LD_RUNPATH_SEARCH_PATHS = (
					"$(inherited)",
					"@executable_path/Frameworks",
				);
				MARKETING_VERSION = 1.0;
				PRODUCT_BUNDLE_IDENTIFIER = com.damlaeker.PokedexTask;
				PRODUCT_NAME = "$(TARGET_NAME)";
				PROVISIONING_PROFILE_SPECIFIER = "";
				SUPPORTED_PLATFORMS = "iphoneos iphonesimulator";
				SUPPORTS_MACCATALYST = NO;
				SUPPORTS_MAC_DESIGNED_FOR_IPHONE_IPAD = NO;
				SUPPORTS_XR_DESIGNED_FOR_IPHONE_IPAD = NO;
				SWIFT_EMIT_LOC_STRINGS = YES;
				SWIFT_VERSION = 5.0;
				TARGETED_DEVICE_FAMILY = "1,2";
			};
			name = Release;
		};
/* End XCBuildConfiguration section */

/* Begin XCConfigurationList section */
		0D9021F92BF7A7670047D3DC /* Build configuration list for PBXProject "PokedexTask" */ = {
			isa = XCConfigurationList;
			buildConfigurations = (
				0D90220A2BF7A7680047D3DC /* Debug */,
				0D90220B2BF7A7680047D3DC /* Release */,
			);
			defaultConfigurationIsVisible = 0;
			defaultConfigurationName = Release;
		};
		0D90220C2BF7A7680047D3DC /* Build configuration list for PBXNativeTarget "PokedexTask" */ = {
			isa = XCConfigurationList;
			buildConfigurations = (
				0D90220D2BF7A7680047D3DC /* Debug */,
				0D90220E2BF7A7680047D3DC /* Release */,
			);
			defaultConfigurationIsVisible = 0;
			defaultConfigurationName = Release;
		};
/* End XCConfigurationList section */
	};
	rootObject = 0D9021F62BF7A7670047D3DC /* Project object */;
}
